
Microsoft Visual Studio Solution File, Format Version 12.00
# Visual Studio 15
VisualStudioVersion = 15.0.28307.168
MinimumVisualStudioVersion = 10.0.40219.1
Project("{FAE04EC0-301F-11D3-BF4B-00C04F79EFBC}") = "Jazz2TAS", "Jazz2TAS\Jazz2TAS.csproj", "{F4FC80C4-446A-41D6-9271-549AD132C203}"
EndProject
Global
	GlobalSection(SolutionConfigurationPlatforms) = preSolution
		Debug|Any CPU = Debug|Any CPU
		Release|Any CPU = Release|Any CPU
	EndGlobalSection
	GlobalSection(ProjectConfigurationPlatforms) = postSolution
		{F4FC80C4-446A-41D6-9271-549AD132C203}.Debug|Any CPU.ActiveCfg = Debug|Any CPU
		{F4FC80C4-446A-41D6-9271-549AD132C203}.Debug|Any CPU.Build.0 = Debug|Any CPU
		{F4FC80C4-446A-41D6-9271-549AD132C203}.Release|Any CPU.ActiveCfg = Release|Any CPU
		{F4FC80C4-446A-41D6-9271-549AD132C203}.Release|Any CPU.Build.0 = Release|Any CPU
	EndGlobalSection
	GlobalSection(SolutionProperties) = preSolution
		HideSolutionNode = FALSE
	EndGlobalSection
	GlobalSection(ExtensibilityGlobals) = postSolution
		SolutionGuid = {2E4325F4-0A8A-49CA-9286-1A860F860C62}
	EndGlobalSection
EndGlobal
